// !$*UTF8*$!
{
	archiveVersion = 1;
	classes = {
	};
	objectVersion = 63;
	objects = {

/* Begin PBXBuildFile section */
		B766B3062E755B9100AA0E79 /* EditAssembly.swift in Sources */ = {isa = PBXBuildFile; fileRef = B766B3052E755B9100AA0E79 /* EditAssembly.swift */; };
		B77A2A522E196BC200B19ED2 /* GradientViews.swift in Sources */ = {isa = PBXBuildFile; fileRef = B77A2A512E196BC200B19ED2 /* GradientViews.swift */; };
		B77A2A562E1AA12200B19ED2 /* ListAssembly.swift in Sources */ = {isa = PBXBuildFile; fileRef = B77A2A552E1AA12200B19ED2 /* ListAssembly.swift */; };
		B7FC439D2E0AE551009F6ED9 /* AppDelegate.swift in Sources */ = {isa = PBXBuildFile; fileRef = B7FC43952E0AE551009F6ED9 /* AppDelegate.swift */; };
		B7FC439E2E0AE551009F6ED9 /* SceneDelegate.swift in Sources */ = {isa = PBXBuildFile; fileRef = B7FC439A2E0AE551009F6ED9 /* SceneDelegate.swift */; };
		B7FC43A02E0AE551009F6ED9 /* Assets.xcassets in Resources */ = {isa = PBXBuildFile; fileRef = B7FC43962E0AE551009F6ED9 /* Assets.xcassets */; };
		B7FC43A22E0AE551009F6ED9 /* LaunchScreen.storyboard in Resources */ = {isa = PBXBuildFile; fileRef = B7FC43992E0AE551009F6ED9 /* LaunchScreen.storyboard */; };
		B7FC43B82E0AEB21009F6ED9 /* ListPresenter.swift in Sources */ = {isa = PBXBuildFile; fileRef = B7FC43B42E0AEB21009F6ED9 /* ListPresenter.swift */; };
		B7FC43B92E0AEB21009F6ED9 /* ListViewController.swift in Sources */ = {isa = PBXBuildFile; fileRef = B7FC43B32E0AEB21009F6ED9 /* ListViewController.swift */; };
		B7FC43BA2E0AEB21009F6ED9 /* ListInteractor.swift in Sources */ = {isa = PBXBuildFile; fileRef = B7FC43B52E0AEB21009F6ED9 /* ListInteractor.swift */; };
		B7FC43BB2E0AEB21009F6ED9 /* ListEntity.swift in Sources */ = {isa = PBXBuildFile; fileRef = B7FC43B62E0AEB21009F6ED9 /* ListEntity.swift */; };
		B7FC43BC2E0AEB21009F6ED9 /* ListRouter.swift in Sources */ = {isa = PBXBuildFile; fileRef = B7FC43B72E0AEB21009F6ED9 /* ListRouter.swift */; };
		B7FC43CC2E0AEB89009F6ED9 /* DetailPresenter.swift in Sources */ = {isa = PBXBuildFile; fileRef = B7FC43C82E0AEB89009F6ED9 /* DetailPresenter.swift */; };
		B7FC43CD2E0AEB89009F6ED9 /* DetailViewController.swift in Sources */ = {isa = PBXBuildFile; fileRef = B7FC43C72E0AEB89009F6ED9 /* DetailViewController.swift */; };
		B7FC43CE2E0AEB89009F6ED9 /* DetailRouter.swift in Sources */ = {isa = PBXBuildFile; fileRef = B7FC43CB2E0AEB89009F6ED9 /* DetailRouter.swift */; };
		B7FC43CF2E0AEB89009F6ED9 /* DetailInteractor.swift in Sources */ = {isa = PBXBuildFile; fileRef = B7FC43C92E0AEB89009F6ED9 /* DetailInteractor.swift */; };
		B7FC43D02E0AEB89009F6ED9 /* DetailEntity.swift in Sources */ = {isa = PBXBuildFile; fileRef = B7FC43CA2E0AEB89009F6ED9 /* DetailEntity.swift */; };
		B7FC43D62E0AEB8A009F6ED9 /* EditPresenter.swift in Sources */ = {isa = PBXBuildFile; fileRef = B7FC43D22E0AEB8A009F6ED9 /* EditPresenter.swift */; };
		B7FC43D72E0AEB8A009F6ED9 /* EditViewController.swift in Sources */ = {isa = PBXBuildFile; fileRef = B7FC43D12E0AEB8A009F6ED9 /* EditViewController.swift */; };
		B7FC43D82E0AEB8A009F6ED9 /* EditInteractor.swift in Sources */ = {isa = PBXBuildFile; fileRef = B7FC43D32E0AEB8A009F6ED9 /* EditInteractor.swift */; };
		B7FC43D92E0AEB8A009F6ED9 /* EditEntity.swift in Sources */ = {isa = PBXBuildFile; fileRef = B7FC43D42E0AEB8A009F6ED9 /* EditEntity.swift */; };
		B7FC43DA2E0AEB8A009F6ED9 /* EditRouter.swift in Sources */ = {isa = PBXBuildFile; fileRef = B7FC43D52E0AEB8A009F6ED9 /* EditRouter.swift */; };
		B7FC43DC2E0B21D4009F6ED9 /* DetailAssembly.swift in Sources */ = {isa = PBXBuildFile; fileRef = B7FC43DB2E0B21D4009F6ED9 /* DetailAssembly.swift */; };
/* End PBXBuildFile section */

/* Begin PBXFileReference section */
		B716C7E02E15314A00840300 /* timeTracker.app */ = {isa = PBXFileReference; explicitFileType = wrapper.application; includeInIndex = 0; path = timeTracker.app; sourceTree = BUILT_PRODUCTS_DIR; };
		B766B3052E755B9100AA0E79 /* EditAssembly.swift */ = {isa = PBXFileReference; lastKnownFileType = sourcecode.swift; path = EditAssembly.swift; sourceTree = "<group>"; };
		B77A2A512E196BC200B19ED2 /* GradientViews.swift */ = {isa = PBXFileReference; lastKnownFileType = sourcecode.swift; path = GradientViews.swift; sourceTree = "<group>"; };
		B77A2A552E1AA12200B19ED2 /* ListAssembly.swift */ = {isa = PBXFileReference; lastKnownFileType = sourcecode.swift; path = ListAssembly.swift; sourceTree = "<group>"; };
		B7FC43952E0AE551009F6ED9 /* AppDelegate.swift */ = {isa = PBXFileReference; lastKnownFileType = sourcecode.swift; path = AppDelegate.swift; sourceTree = "<group>"; };
		B7FC43962E0AE551009F6ED9 /* Assets.xcassets */ = {isa = PBXFileReference; lastKnownFileType = folder.assetcatalog; path = Assets.xcassets; sourceTree = "<group>"; };
		B7FC43972E0AE551009F6ED9 /* Info.plist */ = {isa = PBXFileReference; lastKnownFileType = text.plist.xml; path = Info.plist; sourceTree = "<group>"; };
		B7FC43982E0AE551009F6ED9 /* Base */ = {isa = PBXFileReference; lastKnownFileType = file.storyboard; name = Base; path = Base.lproj/LaunchScreen.storyboard; sourceTree = "<group>"; };
		B7FC439A2E0AE551009F6ED9 /* SceneDelegate.swift */ = {isa = PBXFileReference; lastKnownFileType = sourcecode.swift; path = SceneDelegate.swift; sourceTree = "<group>"; };
		B7FC43B32E0AEB21009F6ED9 /* ListViewController.swift */ = {isa = PBXFileReference; lastKnownFileType = sourcecode.swift; path = ListViewController.swift; sourceTree = "<group>"; };
		B7FC43B42E0AEB21009F6ED9 /* ListPresenter.swift */ = {isa = PBXFileReference; lastKnownFileType = sourcecode.swift; path = ListPresenter.swift; sourceTree = "<group>"; };
		B7FC43B52E0AEB21009F6ED9 /* ListInteractor.swift */ = {isa = PBXFileReference; lastKnownFileType = sourcecode.swift; path = ListInteractor.swift; sourceTree = "<group>"; };
		B7FC43B62E0AEB21009F6ED9 /* ListEntity.swift */ = {isa = PBXFileReference; lastKnownFileType = sourcecode.swift; path = ListEntity.swift; sourceTree = "<group>"; };
		B7FC43B72E0AEB21009F6ED9 /* ListRouter.swift */ = {isa = PBXFileReference; lastKnownFileType = sourcecode.swift; path = ListRouter.swift; sourceTree = "<group>"; };
		B7FC43C72E0AEB89009F6ED9 /* DetailViewController.swift */ = {isa = PBXFileReference; lastKnownFileType = sourcecode.swift; path = DetailViewController.swift; sourceTree = "<group>"; };
		B7FC43C82E0AEB89009F6ED9 /* DetailPresenter.swift */ = {isa = PBXFileReference; lastKnownFileType = sourcecode.swift; path = DetailPresenter.swift; sourceTree = "<group>"; };
		B7FC43C92E0AEB89009F6ED9 /* DetailInteractor.swift */ = {isa = PBXFileReference; lastKnownFileType = sourcecode.swift; path = DetailInteractor.swift; sourceTree = "<group>"; };
		B7FC43CA2E0AEB89009F6ED9 /* DetailEntity.swift */ = {isa = PBXFileReference; lastKnownFileType = sourcecode.swift; path = DetailEntity.swift; sourceTree = "<group>"; };
		B7FC43CB2E0AEB89009F6ED9 /* DetailRouter.swift */ = {isa = PBXFileReference; lastKnownFileType = sourcecode.swift; path = DetailRouter.swift; sourceTree = "<group>"; };
		B7FC43D12E0AEB8A009F6ED9 /* EditViewController.swift */ = {isa = PBXFileReference; lastKnownFileType = sourcecode.swift; path = EditViewController.swift; sourceTree = "<group>"; };
		B7FC43D22E0AEB8A009F6ED9 /* EditPresenter.swift */ = {isa = PBXFileReference; lastKnownFileType = sourcecode.swift; path = EditPresenter.swift; sourceTree = "<group>"; };
		B7FC43D32E0AEB8A009F6ED9 /* EditInteractor.swift */ = {isa = PBXFileReference; lastKnownFileType = sourcecode.swift; path = EditInteractor.swift; sourceTree = "<group>"; };
		B7FC43D42E0AEB8A009F6ED9 /* EditEntity.swift */ = {isa = PBXFileReference; lastKnownFileType = sourcecode.swift; path = EditEntity.swift; sourceTree = "<group>"; };
		B7FC43D52E0AEB8A009F6ED9 /* EditRouter.swift */ = {isa = PBXFileReference; lastKnownFileType = sourcecode.swift; path = EditRouter.swift; sourceTree = "<group>"; };
		B7FC43DB2E0B21D4009F6ED9 /* DetailAssembly.swift */ = {isa = PBXFileReference; lastKnownFileType = sourcecode.swift; path = DetailAssembly.swift; sourceTree = "<group>"; };
/* End PBXFileReference section */

/* Begin PBXFrameworksBuildPhase section */
		B7FC43502E0ABE72009F6ED9 /* Frameworks */ = {
			isa = PBXFrameworksBuildPhase;
			buildActionMask = 2147483647;
			files = (
			);
			runOnlyForDeploymentPostprocessing = 0;
		};
/* End PBXFrameworksBuildPhase section */

/* Begin PBXGroup section */
		B7FC434A2E0ABE72009F6ED9 = {
			isa = PBXGroup;
			children = (
				B7FC43A32E0AE567009F6ED9 /* App */,
				B7FC43A42E0AE57C009F6ED9 /* other */,
				B716C7E02E15314A00840300 /* timeTracker.app */,
			);
			sourceTree = "<group>";
		};
		B7FC43A32E0AE567009F6ED9 /* App */ = {
			isa = PBXGroup;
			children = (
				B7FC43A52E0AE897009F6ED9 /* Modules */,
			);
			path = App;
			sourceTree = "<group>";
		};
		B7FC43A42E0AE57C009F6ED9 /* other */ = {
			isa = PBXGroup;
			children = (
				B7FC43952E0AE551009F6ED9 /* AppDelegate.swift */,
				B7FC43962E0AE551009F6ED9 /* Assets.xcassets */,
				B7FC43972E0AE551009F6ED9 /* Info.plist */,
				B7FC43992E0AE551009F6ED9 /* LaunchScreen.storyboard */,
				B7FC439A2E0AE551009F6ED9 /* SceneDelegate.swift */,
			);
			path = other;
			sourceTree = "<group>";
		};
		B7FC43A52E0AE897009F6ED9 /* Modules */ = {
			isa = PBXGroup;
			children = (
				B7FC43A62E0AE9D0009F6ED9 /* List */,
				B7FC43A72E0AE9D9009F6ED9 /* Detail */,
				B7FC43A82E0AE9F3009F6ED9 /* Edit */,
			);
			path = Modules;
			sourceTree = "<group>";
		};
		B7FC43A62E0AE9D0009F6ED9 /* List */ = {
			isa = PBXGroup;
			children = (
				B77A2A552E1AA12200B19ED2 /* ListAssembly.swift */,
				B7FC43B32E0AEB21009F6ED9 /* ListViewController.swift */,
				B7FC43B42E0AEB21009F6ED9 /* ListPresenter.swift */,
				B7FC43B52E0AEB21009F6ED9 /* ListInteractor.swift */,
				B7FC43B72E0AEB21009F6ED9 /* ListRouter.swift */,
				B7FC43B62E0AEB21009F6ED9 /* ListEntity.swift */,
			);
			path = List;
			sourceTree = "<group>";
		};
		B7FC43A72E0AE9D9009F6ED9 /* Detail */ = {
			isa = PBXGroup;
			children = (
				B7FC43DB2E0B21D4009F6ED9 /* DetailAssembly.swift */,
				B7FC43C72E0AEB89009F6ED9 /* DetailViewController.swift */,
				B7FC43C82E0AEB89009F6ED9 /* DetailPresenter.swift */,
				B7FC43C92E0AEB89009F6ED9 /* DetailInteractor.swift */,
				B7FC43CB2E0AEB89009F6ED9 /* DetailRouter.swift */,
				B7FC43CA2E0AEB89009F6ED9 /* DetailEntity.swift */,
				B77A2A512E196BC200B19ED2 /* GradientViews.swift */,
			);
			path = Detail;
			sourceTree = "<group>";
		};
		B7FC43A82E0AE9F3009F6ED9 /* Edit */ = {
			isa = PBXGroup;
			children = (
				B766B3052E755B9100AA0E79 /* EditAssembly.swift */,
				B7FC43D12E0AEB8A009F6ED9 /* EditViewController.swift */,
				B7FC43D22E0AEB8A009F6ED9 /* EditPresenter.swift */,
				B7FC43D32E0AEB8A009F6ED9 /* EditInteractor.swift */,
				B7FC43D52E0AEB8A009F6ED9 /* EditRouter.swift */,
				B7FC43D42E0AEB8A009F6ED9 /* EditEntity.swift */,
			);
			path = Edit;
			sourceTree = "<group>";
		};
/* End PBXGroup section */

/* Begin PBXNativeTarget section */
		B7FC43522E0ABE72009F6ED9 /* timeTracker */ = {
			isa = PBXNativeTarget;
			buildConfigurationList = B7FC43662E0ABE74009F6ED9 /* Build configuration list for PBXNativeTarget "timeTracker" */;
			buildPhases = (
				B7FC434F2E0ABE72009F6ED9 /* Sources */,
				B7FC43502E0ABE72009F6ED9 /* Frameworks */,
				B7FC43512E0ABE72009F6ED9 /* Resources */,
			);
			buildRules = (
			);
			dependencies = (
			);
			name = timeTracker;
			packageProductDependencies = (
			);
			productName = timeTracker;
			productReference = B716C7E02E15314A00840300 /* timeTracker.app */;
			productType = "com.apple.product-type.application";
		};
/* End PBXNativeTarget section */

/* Begin PBXProject section */
		B7FC434B2E0ABE72009F6ED9 /* Project object */ = {
			isa = PBXProject;
			attributes = {
				BuildIndependentTargetsInParallel = YES;
				LastSwiftUpdateCheck = 1630;
				LastUpgradeCheck = 1640;
				TargetAttributes = {
					B7FC43522E0ABE72009F6ED9 = {
						CreatedOnToolsVersion = 16.3;
					};
				};
			};
			buildConfigurationList = B7FC434E2E0ABE72009F6ED9 /* Build configuration list for PBXProject "timeTracker" */;
			compatibilityVersion = "Xcode 12.0";
			developmentRegion = en;
			hasScannedForEncodings = 0;
			knownRegions = (
				en,
				Base,
			);
			mainGroup = B7FC434A2E0ABE72009F6ED9;
			minimizedProjectReferenceProxies = 1;
			productRefGroup = B7FC434A2E0ABE72009F6ED9;
			projectDirPath = "";
			projectRoot = "";
			targets = (
				B7FC43522E0ABE72009F6ED9 /* timeTracker */,
			);
		};
/* End PBXProject section */

/* Begin PBXResourcesBuildPhase section */
		B7FC43512E0ABE72009F6ED9 /* Resources */ = {
			isa = PBXResourcesBuildPhase;
			buildActionMask = 2147483647;
			files = (
				B7FC43A02E0AE551009F6ED9 /* Assets.xcassets in Resources */,
				B7FC43A22E0AE551009F6ED9 /* LaunchScreen.storyboard in Resources */,
			);
			runOnlyForDeploymentPostprocessing = 0;
		};
/* End PBXResourcesBuildPhase section */

/* Begin PBXSourcesBuildPhase section */
		B7FC434F2E0ABE72009F6ED9 /* Sources */ = {
			isa = PBXSourcesBuildPhase;
			buildActionMask = 2147483647;
			files = (
				B7FC43CC2E0AEB89009F6ED9 /* DetailPresenter.swift in Sources */,
				B766B3062E755B9100AA0E79 /* EditAssembly.swift in Sources */,
				B7FC43CD2E0AEB89009F6ED9 /* DetailViewController.swift in Sources */,
				B7FC43CE2E0AEB89009F6ED9 /* DetailRouter.swift in Sources */,
				B7FC43CF2E0AEB89009F6ED9 /* DetailInteractor.swift in Sources */,
				B7FC43DC2E0B21D4009F6ED9 /* DetailAssembly.swift in Sources */,
				B7FC43D62E0AEB8A009F6ED9 /* EditPresenter.swift in Sources */,
				B7FC43D72E0AEB8A009F6ED9 /* EditViewController.swift in Sources */,
				B7FC43D82E0AEB8A009F6ED9 /* EditInteractor.swift in Sources */,
				B7FC43D92E0AEB8A009F6ED9 /* EditEntity.swift in Sources */,
				B7FC43DA2E0AEB8A009F6ED9 /* EditRouter.swift in Sources */,
				B7FC43D02E0AEB89009F6ED9 /* DetailEntity.swift in Sources */,
				B7FC439D2E0AE551009F6ED9 /* AppDelegate.swift in Sources */,
				B7FC43B82E0AEB21009F6ED9 /* ListPresenter.swift in Sources */,
				B7FC43B92E0AEB21009F6ED9 /* ListViewController.swift in Sources */,
				B7FC43BA2E0AEB21009F6ED9 /* ListInteractor.swift in Sources */,
				B77A2A522E196BC200B19ED2 /* GradientViews.swift in Sources */,
				B7FC43BB2E0AEB21009F6ED9 /* ListEntity.swift in Sources */,
				B77A2A562E1AA12200B19ED2 /* ListAssembly.swift in Sources */,
				B7FC43BC2E0AEB21009F6ED9 /* ListRouter.swift in Sources */,
				B7FC439E2E0AE551009F6ED9 /* SceneDelegate.swift in Sources */,
			);
			runOnlyForDeploymentPostprocessing = 0;
		};
/* End PBXSourcesBuildPhase section */

/* Begin PBXVariantGroup section */
		B7FC43992E0AE551009F6ED9 /* LaunchScreen.storyboard */ = {
			isa = PBXVariantGroup;
			children = (
				B7FC43982E0AE551009F6ED9 /* Base */,
			);
			name = LaunchScreen.storyboard;
			sourceTree = "<group>";
		};
/* End PBXVariantGroup section */

/* Begin XCBuildConfiguration section */
		B7FC43672E0ABE74009F6ED9 /* Debug */ = {
			isa = XCBuildConfiguration;
			buildSettings = {
				ASSETCATALOG_COMPILER_APPICON_NAME = AppIcon;
				ASSETCATALOG_COMPILER_GLOBAL_ACCENT_COLOR_NAME = AccentColor;
				CODE_SIGN_STYLE = Automatic;
				CURRENT_PROJECT_VERSION = 1;
				DEVELOPMENT_TEAM = 33F434SKZR;
				GENERATE_INFOPLIST_FILE = YES;
				INFOPLIST_FILE = other/Info.plist;
				INFOPLIST_KEY_UIApplicationSupportsIndirectInputEvents = YES;
				INFOPLIST_KEY_UILaunchStoryboardName = LaunchScreen;
				INFOPLIST_KEY_UIRequiresFullScreen = YES;
				INFOPLIST_KEY_UISupportedInterfaceOrientations = UIInterfaceOrientationPortrait;
				IPHONEOS_DEPLOYMENT_TARGET = 15.6;
				LD_RUNPATH_SEARCH_PATHS = (
					"$(inherited)",
					"@executable_path/Frameworks",
				);
				MARKETING_VERSION = 1.0;
				PRODUCT_BUNDLE_IDENTIFIER = com.semonix.timeTracker;
				PRODUCT_NAME = "$(TARGET_NAME)";
				SUPPORTED_PLATFORMS = "iphoneos iphonesimulator";
				SUPPORTS_MACCATALYST = NO;
				SWIFT_EMIT_LOC_STRINGS = YES;
				SWIFT_VERSION = 5.0;
				TARGETED_DEVICE_FAMILY = "1,2";
			};
			name = Debug;
		};
		B7FC43682E0ABE74009F6ED9 /* Release */ = {
			isa = XCBuildConfiguration;
			buildSettings = {
				ASSETCATALOG_COMPILER_APPICON_NAME = AppIcon;
				ASSETCATALOG_COMPILER_GLOBAL_ACCENT_COLOR_NAME = AccentColor;
				CODE_SIGN_STYLE = Automatic;
				CURRENT_PROJECT_VERSION = 1;
				DEVELOPMENT_TEAM = 33F434SKZR;
				GENERATE_INFOPLIST_FILE = YES;
				INFOPLIST_FILE = other/Info.plist;
				INFOPLIST_KEY_UIApplicationSupportsIndirectInputEvents = YES;
				INFOPLIST_KEY_UILaunchStoryboardName = LaunchScreen;
				INFOPLIST_KEY_UIRequiresFullScreen = YES;
				INFOPLIST_KEY_UISupportedInterfaceOrientations = UIInterfaceOrientationPortrait;
				IPHONEOS_DEPLOYMENT_TARGET = 15.6;
				LD_RUNPATH_SEARCH_PATHS = (
					"$(inherited)",
					"@executable_path/Frameworks",
				);
				MARKETING_VERSION = 1.0;
				PRODUCT_BUNDLE_IDENTIFIER = com.semonix.timeTracker;
				PRODUCT_NAME = "$(TARGET_NAME)";
				SUPPORTED_PLATFORMS = "iphoneos iphonesimulator";
				SUPPORTS_MACCATALYST = NO;
				SWIFT_EMIT_LOC_STRINGS = YES;
				SWIFT_VERSION = 5.0;
				TARGETED_DEVICE_FAMILY = "1,2";
			};
			name = Release;
		};
		B7FC43692E0ABE74009F6ED9 /* Debug */ = {
			isa = XCBuildConfiguration;
			buildSettings = {
				ALWAYS_SEARCH_USER_PATHS = NO;
				ASSETCATALOG_COMPILER_GENERATE_SWIFT_ASSET_SYMBOL_EXTENSIONS = YES;
				CLANG_ANALYZER_NONNULL = YES;
				CLANG_ANALYZER_NUMBER_OBJECT_CONVERSION = YES_AGGRESSIVE;
				CLANG_CXX_LANGUAGE_STANDARD = "gnu++20";
				CLANG_ENABLE_MODULES = YES;
				CLANG_ENABLE_OBJC_ARC = YES;
				CLANG_ENABLE_OBJC_WEAK = YES;
				CLANG_WARN_BLOCK_CAPTURE_AUTORELEASING = YES;
				CLANG_WARN_BOOL_CONVERSION = YES;
				CLANG_WARN_COMMA = YES;
				CLANG_WARN_CONSTANT_CONVERSION = YES;
				CLANG_WARN_DEPRECATED_OBJC_IMPLEMENTATIONS = YES;
				CLANG_WARN_DIRECT_OBJC_ISA_USAGE = YES_ERROR;
				CLANG_WARN_DOCUMENTATION_COMMENTS = YES;
				CLANG_WARN_EMPTY_BODY = YES;
				CLANG_WARN_ENUM_CONVERSION = YES;
				CLANG_WARN_INFINITE_RECURSION = YES;
				CLANG_WARN_INT_CONVERSION = YES;
				CLANG_WARN_NON_LITERAL_NULL_CONVERSION = YES;
				CLANG_WARN_OBJC_IMPLICIT_RETAIN_SELF = YES;
				CLANG_WARN_OBJC_LITERAL_CONVERSION = YES;
				CLANG_WARN_OBJC_ROOT_CLASS = YES_ERROR;
				CLANG_WARN_QUOTED_INCLUDE_IN_FRAMEWORK_HEADER = YES;
				CLANG_WARN_RANGE_LOOP_ANALYSIS = YES;
				CLANG_WARN_STRICT_PROTOTYPES = YES;
				CLANG_WARN_SUSPICIOUS_MOVE = YES;
				CLANG_WARN_UNGUARDED_AVAILABILITY = YES_AGGRESSIVE;
				CLANG_WARN_UNREACHABLE_CODE = YES;
				CLANG_WARN__DUPLICATE_METHOD_MATCH = YES;
				COPY_PHASE_STRIP = NO;
				DEBUG_INFORMATION_FORMAT = dwarf;
				DEVELOPMENT_TEAM = 33F434SKZR;
				ENABLE_STRICT_OBJC_MSGSEND = YES;
				ENABLE_TESTABILITY = YES;
				ENABLE_USER_SCRIPT_SANDBOXING = YES;
				GCC_C_LANGUAGE_STANDARD = gnu17;
				GCC_DYNAMIC_NO_PIC = NO;
				GCC_NO_COMMON_BLOCKS = YES;
				GCC_OPTIMIZATION_LEVEL = 0;
				GCC_PREPROCESSOR_DEFINITIONS = (
					"DEBUG=1",
					"$(inherited)",
				);
				GCC_WARN_64_TO_32_BIT_CONVERSION = YES;
				GCC_WARN_ABOUT_RETURN_TYPE = YES_ERROR;
				GCC_WARN_UNDECLARED_SELECTOR = YES;
				GCC_WARN_UNINITIALIZED_AUTOS = YES_AGGRESSIVE;
				GCC_WARN_UNUSED_FUNCTION = YES;
				GCC_WARN_UNUSED_VARIABLE = YES;
				IPHONEOS_DEPLOYMENT_TARGET = 18.4;
				LOCALIZATION_PREFERS_STRING_CATALOGS = YES;
				MTL_ENABLE_DEBUG_INFO = INCLUDE_SOURCE;
				MTL_FAST_MATH = YES;
				ONLY_ACTIVE_ARCH = YES;
				SDKROOT = iphoneos;
				SWIFT_ACTIVE_COMPILATION_CONDITIONS = "DEBUG $(inherited)";
				SWIFT_OPTIMIZATION_LEVEL = "-Onone";
			};
			name = Debug;
		};
		B7FC436A2E0ABE74009F6ED9 /* Release */ = {
			isa = XCBuildConfiguration;
			buildSettings = {
				ALWAYS_SEARCH_USER_PATHS = NO;
				ASSETCATALOG_COMPILER_GENERATE_SWIFT_ASSET_SYMBOL_EXTENSIONS = YES;
				CLANG_ANALYZER_NONNULL = YES;
				CLANG_ANALYZER_NUMBER_OBJECT_CONVERSION = YES_AGGRESSIVE;
				CLANG_CXX_LANGUAGE_STANDARD = "gnu++20";
				CLANG_ENABLE_MODULES = YES;
				CLANG_ENABLE_OBJC_ARC = YES;
				CLANG_ENABLE_OBJC_WEAK = YES;
				CLANG_WARN_BLOCK_CAPTURE_AUTORELEASING = YES;
				CLANG_WARN_BOOL_CONVERSION = YES;
				CLANG_WARN_COMMA = YES;
				CLANG_WARN_CONSTANT_CONVERSION = YES;
				CLANG_WARN_DEPRECATED_OBJC_IMPLEMENTATIONS = YES;
				CLANG_WARN_DIRECT_OBJC_ISA_USAGE = YES_ERROR;
				CLANG_WARN_DOCUMENTATION_COMMENTS = YES;
				CLANG_WARN_EMPTY_BODY = YES;
				CLANG_WARN_ENUM_CONVERSION = YES;
				CLANG_WARN_INFINITE_RECURSION = YES;
				CLANG_WARN_INT_CONVERSION = YES;
				CLANG_WARN_NON_LITERAL_NULL_CONVERSION = YES;
				CLANG_WARN_OBJC_IMPLICIT_RETAIN_SELF = YES;
				CLANG_WARN_OBJC_LITERAL_CONVERSION = YES;
				CLANG_WARN_OBJC_ROOT_CLASS = YES_ERROR;
				CLANG_WARN_QUOTED_INCLUDE_IN_FRAMEWORK_HEADER = YES;
				CLANG_WARN_RANGE_LOOP_ANALYSIS = YES;
				CLANG_WARN_STRICT_PROTOTYPES = YES;
				CLANG_WARN_SUSPICIOUS_MOVE = YES;
				CLANG_WARN_UNGUARDED_AVAILABILITY = YES_AGGRESSIVE;
				CLANG_WARN_UNREACHABLE_CODE = YES;
				CLANG_WARN__DUPLICATE_METHOD_MATCH = YES;
				COPY_PHASE_STRIP = NO;
				DEBUG_INFORMATION_FORMAT = "dwarf-with-dsym";
				DEVELOPMENT_TEAM = 33F434SKZR;
				ENABLE_NS_ASSERTIONS = NO;
				ENABLE_STRICT_OBJC_MSGSEND = YES;
				ENABLE_USER_SCRIPT_SANDBOXING = YES;
				GCC_C_LANGUAGE_STANDARD = gnu17;
				GCC_NO_COMMON_BLOCKS = YES;
				GCC_WARN_64_TO_32_BIT_CONVERSION = YES;
				GCC_WARN_ABOUT_RETURN_TYPE = YES_ERROR;
				GCC_WARN_UNDECLARED_SELECTOR = YES;
				GCC_WARN_UNINITIALIZED_AUTOS = YES_AGGRESSIVE;
				GCC_WARN_UNUSED_FUNCTION = YES;
				GCC_WARN_UNUSED_VARIABLE = YES;
				IPHONEOS_DEPLOYMENT_TARGET = 18.4;
				LOCALIZATION_PREFERS_STRING_CATALOGS = YES;
				MTL_ENABLE_DEBUG_INFO = NO;
				MTL_FAST_MATH = YES;
				SDKROOT = iphoneos;
				SWIFT_COMPILATION_MODE = wholemodule;
				VALIDATE_PRODUCT = YES;
			};
			name = Release;
		};
/* End XCBuildConfiguration section */

/* Begin XCConfigurationList section */
		B7FC434E2E0ABE72009F6ED9 /* Build configuration list for PBXProject "timeTracker" */ = {
			isa = XCConfigurationList;
			buildConfigurations = (
				B7FC43692E0ABE74009F6ED9 /* Debug */,
				B7FC436A2E0ABE74009F6ED9 /* Release */,
			);
			defaultConfigurationIsVisible = 0;
			defaultConfigurationName = Release;
		};
		B7FC43662E0ABE74009F6ED9 /* Build configuration list for PBXNativeTarget "timeTracker" */ = {
			isa = XCConfigurationList;
			buildConfigurations = (
				B7FC43672E0ABE74009F6ED9 /* Debug */,
				B7FC43682E0ABE74009F6ED9 /* Release */,
			);
			defaultConfigurationIsVisible = 0;
			defaultConfigurationName = Release;
		};
/* End XCConfigurationList section */
	};
	rootObject = B7FC434B2E0ABE72009F6ED9 /* Project object */;
}
